<?xml version="1.0" encoding="utf-8"?>
<Project ToolsVersion="4.0" xmlns="http://schemas.microsoft.com/developer/msbuild/2003">
  <ItemGroup>
    <Filter Include="Quelldateien">
      <UniqueIdentifier>{4FC737F1-C7A5-4376-A066-2A32D752A2FF}</UniqueIdentifier>
      <Extensions>cpp;c;cc;cxx;def;odl;idl;hpj;bat;asm;asmx</Extensions>
    </Filter>
    <Filter Include="Headerdateien">
      <UniqueIdentifier>{93995380-89BD-4b04-88EB-625FBE52EBFB}</UniqueIdentifier>
      <Extensions>h;hh;hpp;hxx;hm;inl;inc;ipp;xsd</Extensions>
    </Filter>
    <Filter Include="Ressourcendateien">
      <UniqueIdentifier>{67DA6AB6-F800-4c08-8B7A-83BB121AAD01}</UniqueIdentifier>
      <Extensions>rc;ico;cur;bmp;dlg;rc2;rct;bin;rgs;gif;jpg;jpeg;jpe;resx;tiff;tif;png;wav;mfcribbon-ms</Extensions>
    </Filter>
  </ItemGroup>
  <ItemGroup>
    <ClCompile Include="main.cpp">
      <Filter>Quelldateien</Filter>
    </ClCompile>
    <ClCompile Include="System.cpp">
      <Filter>Quelldateien</Filter>
    </ClCompile>
    <ClCompile Include="Graphics.cpp">
      <Filter>Quelldateien</Filter>
    </ClCompile>
    <ClCompile Include="Direct3D.cpp">
      <Filter>Quelldateien</Filter>
    </ClCompile>
    <ClCompile Include="AMesh.cpp">
      <Filter>Quelldateien</Filter>
    </ClCompile>
    <ClCompile Include="AShader.cpp">
      <Filter>Quelldateien</Filter>
    </ClCompile>
    <ClCompile Include="ColorShader.cpp">
      <Filter>Quelldateien</Filter>
    </ClCompile>
    <ClCompile Include="Texture.cpp">
      <Filter>Quelldateien</Filter>
    </ClCompile>
    <ClCompile Include="Camera.cpp">
      <Filter>Quelldateien</Filter>
    </ClCompile>
    <ClCompile Include="TextureShader.cpp">
      <Filter>Quelldateien</Filter>
    </ClCompile>
    <ClCompile Include="Cube.cpp">
      <Filter>Quelldateien</Filter>
    </ClCompile>
    <ClCompile Include="LightTextureShader.cpp">
      <Filter>Quelldateien</Filter>
    </ClCompile>
    <ClCompile Include="InputHandler.cpp">
      <Filter>Quelldateien</Filter>
    </ClCompile>
    <ClCompile Include="ColorCube.cpp">
      <Filter>Quelldateien</Filter>
    </ClCompile>
    <ClCompile Include="TextureCube.cpp">
      <Filter>Quelldateien</Filter>
    </ClCompile>
    <ClCompile Include="Skybox.cpp">
      <Filter>Quelldateien</Filter>
    </ClCompile>
    <ClCompile Include="PointLightTextureShader.cpp">
      <Filter>Quelldateien</Filter>
    </ClCompile>
    <ClCompile Include="SpotLightTextureShader.cpp">
      <Filter>Quelldateien</Filter>
    </ClCompile>
    <ClCompile Include="Application.cpp">
      <Filter>Quelldateien</Filter>
    </ClCompile>
  </ItemGroup>
  <ItemGroup>
    <ClInclude Include="System.h">
      <Filter>Headerdateien</Filter>
    </ClInclude>
    <ClInclude Include="Graphics.h">
      <Filter>Headerdateien</Filter>
    </ClInclude>
    <ClInclude Include="Direct3D.h">
      <Filter>Headerdateien</Filter>
    </ClInclude>
    <ClInclude Include="AMesh.h">
      <Filter>Headerdateien</Filter>
    </ClInclude>
    <ClInclude Include="AShader.h">
      <Filter>Headerdateien</Filter>
    </ClInclude>
    <ClInclude Include="Vertex.h">
      <Filter>Headerdateien</Filter>
    </ClInclude>
    <ClInclude Include="ColorShader.h">
      <Filter>Headerdateien</Filter>
    </ClInclude>
    <ClInclude Include="stb_image.h">
      <Filter>Headerdateien</Filter>
    </ClInclude>
    <ClInclude Include="Texture.h">
      <Filter>Headerdateien</Filter>
    </ClInclude>
    <ClInclude Include="Camera.h">
      <Filter>Headerdateien</Filter>
    </ClInclude>
    <ClInclude Include="TextureShader.h">
      <Filter>Headerdateien</Filter>
    </ClInclude>
    <ClInclude Include="Cube.h">
      <Filter>Headerdateien</Filter>
    </ClInclude>
    <ClInclude Include="LightTextureShader.h">
      <Filter>Headerdateien</Filter>
    </ClInclude>
    <ClInclude Include="helpers.h">
      <Filter>Headerdateien</Filter>
    </ClInclude>
    <ClInclude Include="InputHandler.h">
      <Filter>Headerdateien</Filter>
    </ClInclude>
    <ClInclude Include="ColorCube.h">
      <Filter>Headerdateien</Filter>
    </ClInclude>
    <ClInclude Include="InputListener.h">
      <Filter>Headerdateien</Filter>
    </ClInclude>
    <ClInclude Include="TextureCube.h">
      <Filter>Headerdateien</Filter>
    </ClInclude>
    <ClInclude Include="Skybox.h">
      <Filter>Headerdateien</Filter>
    </ClInclude>
    <ClInclude Include="PointLightTextureShader.h">
      <Filter>Headerdateien</Filter>
    </ClInclude>
    <ClInclude Include="SpotLightTextureShader.h">
      <Filter>Headerdateien</Filter>
    </ClInclude>
    <ClInclude Include="Application.h">
      <Filter>Headerdateien</Filter>
    </ClInclude>
  </ItemGroup>
  <ItemGroup>
    <FxCompile Include="ColorPixelShader.hlsl">
      <Filter>Ressourcendateien</Filter>
    </FxCompile>
    <FxCompile Include="ColorVertexShader.hlsl">
      <Filter>Ressourcendateien</Filter>
    </FxCompile>
    <FxCompile Include="TextureVertexShader.hlsl">
      <Filter>Ressourcendateien</Filter>
    </FxCompile>
    <FxCompile Include="TexturePixelShader.hlsl">
      <Filter>Ressourcendateien</Filter>
    </FxCompile>
    <FxCompile Include="LightTextureVertexShader.hlsl">
      <Filter>Ressourcendateien</Filter>
    </FxCompile>
    <FxCompile Include="LightTexturePixelShader.hlsl">
      <Filter>Ressourcendateien</Filter>
    </FxCompile>
    <FxCompile Include="PointLightTexturePixelShader.hlsl">
      <Filter>Ressourcendateien</Filter>
    </FxCompile>
    <FxCompile Include="PointLightTextureVertexShader.hlsl">
      <Filter>Ressourcendateien</Filter>
    </FxCompile>
    <FxCompile Include="SpotLightTexturePixelShader.hlsl">
      <Filter>Ressourcendateien</Filter>
    </FxCompile>
    <FxCompile Include="SpotLightTextureVertexShader.hlsl">
      <Filter>Ressourcendateien</Filter>
    </FxCompile>
  </ItemGroup>
  <ItemGroup>
    <Image Include="stone.png">
      <Filter>Ressourcendateien</Filter>
    </Image>
  </ItemGroup>
</Project>